
Microsoft Visual Studio Solution File, Format Version 12.00
# Visual Studio Version 17
VisualStudioVersion = 17.7.34202.233
MinimumVisualStudioVersion = 10.0.40219.1
Project("{FAE04EC0-301F-11D3-BF4B-00C04F79EFBC}") = "AwesomeDevEvents.API", "AwesomeDevEvents.API\AwesomeDevEvents.API.csproj", "{7382BDEF-7604-4ED4-B365-BA35CE7DB2D0}"
EndProject
Global
	GlobalSection(SolutionConfigurationPlatforms) = preSolution
		Debug|Any CPU = Debug|Any CPU
		Release|Any CPU = Release|Any CPU
	EndGlobalSection
	GlobalSection(ProjectConfigurationPlatforms) = postSolution
		{7382BDEF-7604-4ED4-B365-BA35CE7DB2D0}.Debug|Any CPU.ActiveCfg = Debug|Any CPU
		{7382BDEF-7604-4ED4-B365-BA35CE7DB2D0}.Debug|Any CPU.Build.0 = Debug|Any CPU
		{7382BDEF-7604-4ED4-B365-BA35CE7DB2D0}.Release|Any CPU.ActiveCfg = Release|Any CPU
		{7382BDEF-7604-4ED4-B365-BA35CE7DB2D0}.Release|Any CPU.Build.0 = Release|Any CPU
	EndGlobalSection
	GlobalSection(SolutionProperties) = preSolution
		HideSolutionNode = FALSE
	EndGlobalSection
	GlobalSection(ExtensibilityGlobals) = postSolution
		SolutionGuid = {218A0172-52D4-4494-A469-94DD35BC12B7}
	EndGlobalSection
EndGlobal
